
Microsoft Visual Studio Solution File, Format Version 12.00
# Visual Studio Version 17
VisualStudioVersion = 17.10.34928.147
MinimumVisualStudioVersion = 10.0.40219.1
Project("{2150E333-8FDC-42A3-9474-1A3956D46DE8}") = "1.Interfaz", "1.Interfaz", "{6F651203-479E-45FA-AC14-BE1EAD5BA047}"
EndProject
Project("{2150E333-8FDC-42A3-9474-1A3956D46DE8}") = "2.Aplicacion", "2.Aplicacion", "{87863AA7-EEC9-47DF-B129-DDDACAE2C636}"
EndProject
Project("{2150E333-8FDC-42A3-9474-1A3956D46DE8}") = "3.Dominio", "3.Dominio", "{8F1D9217-6178-4DC2-85A6-CB37C9CCAAA5}"
EndProject
Project("{2150E333-8FDC-42A3-9474-1A3956D46DE8}") = "4.Infraestructura", "4.Infraestructura", "{C8052841-724B-45F2-B894-81EE436A2E21}"
EndProject
Project("{FAE04EC0-301F-11D3-BF4B-00C04F79EFBC}") = "RF.Infraestructura.AccesoDatos", "RF.Infraestructura.AccesoDatos\RF.Infraestructura.AccesoDatos.csproj", "{10802099-78DB-4B44-BF7C-D4485E241E2E}"
EndProject
Project("{FAE04EC0-301F-11D3-BF4B-00C04F79EFBC}") = "RF.Dominio.Model", "RF.Dominio.Model\RF.Dominio.Model.csproj", "{F885C282-6221-499B-95B7-4B5EF08E69F2}"
EndProject
Project("{FAE04EC0-301F-11D3-BF4B-00C04F79EFBC}") = "RF.App. Aplicacion", "RF.App. Aplicacion\RF.App. Aplicacion.csproj", "{2F367E35-8C84-4753-92F5-A93298FD7745}"
EndProject
Project("{FAE04EC0-301F-11D3-BF4B-00C04F79EFBC}") = "RF.UI.Windows", "RF.UI.Windows\RF.UI.Windows.csproj", "{88F7DDE9-ABA2-4817-9EC9-1ABBFB0F05A0}"
EndProject
Project("{FAE04EC0-301F-11D3-BF4B-00C04F79EFBC}") = "RF.Infraestructura.CrossCutting", "RF.Infraestructura.CrossCutting\RF.Infraestructura.CrossCutting.csproj", "{F3D9AC1A-FCC4-43ED-B220-8E4FA6A64A01}"
EndProject
Project("{FAE04EC0-301F-11D3-BF4B-00C04F79EFBC}") = "RF.Dominio.Servicios", "RF.Dominio.Servicios\RF.Dominio.Servicios.csproj", "{EA58986A-A528-416B-A577-389D32FF99EA}"
EndProject
Global
	GlobalSection(SolutionConfigurationPlatforms) = preSolution
		Debug|Any CPU = Debug|Any CPU
		Release|Any CPU = Release|Any CPU
	EndGlobalSection
	GlobalSection(ProjectConfigurationPlatforms) = postSolution
		{10802099-78DB-4B44-BF7C-D4485E241E2E}.Debug|Any CPU.ActiveCfg = Debug|Any CPU
		{10802099-78DB-4B44-BF7C-D4485E241E2E}.Debug|Any CPU.Build.0 = Debug|Any CPU
		{10802099-78DB-4B44-BF7C-D4485E241E2E}.Release|Any CPU.ActiveCfg = Release|Any CPU
		{10802099-78DB-4B44-BF7C-D4485E241E2E}.Release|Any CPU.Build.0 = Release|Any CPU
		{F885C282-6221-499B-95B7-4B5EF08E69F2}.Debug|Any CPU.ActiveCfg = Debug|Any CPU
		{F885C282-6221-499B-95B7-4B5EF08E69F2}.Debug|Any CPU.Build.0 = Debug|Any CPU
		{F885C282-6221-499B-95B7-4B5EF08E69F2}.Release|Any CPU.ActiveCfg = Release|Any CPU
		{F885C282-6221-499B-95B7-4B5EF08E69F2}.Release|Any CPU.Build.0 = Release|Any CPU
		{2F367E35-8C84-4753-92F5-A93298FD7745}.Debug|Any CPU.ActiveCfg = Debug|Any CPU
		{2F367E35-8C84-4753-92F5-A93298FD7745}.Debug|Any CPU.Build.0 = Debug|Any CPU
		{2F367E35-8C84-4753-92F5-A93298FD7745}.Release|Any CPU.ActiveCfg = Release|Any CPU
		{2F367E35-8C84-4753-92F5-A93298FD7745}.Release|Any CPU.Build.0 = Release|Any CPU
		{88F7DDE9-ABA2-4817-9EC9-1ABBFB0F05A0}.Debug|Any CPU.ActiveCfg = Debug|Any CPU
		{88F7DDE9-ABA2-4817-9EC9-1ABBFB0F05A0}.Debug|Any CPU.Build.0 = Debug|Any CPU
		{88F7DDE9-ABA2-4817-9EC9-1ABBFB0F05A0}.Release|Any CPU.ActiveCfg = Release|Any CPU
		{88F7DDE9-ABA2-4817-9EC9-1ABBFB0F05A0}.Release|Any CPU.Build.0 = Release|Any CPU
		{F3D9AC1A-FCC4-43ED-B220-8E4FA6A64A01}.Debug|Any CPU.ActiveCfg = Debug|Any CPU
		{F3D9AC1A-FCC4-43ED-B220-8E4FA6A64A01}.Debug|Any CPU.Build.0 = Debug|Any CPU
		{F3D9AC1A-FCC4-43ED-B220-8E4FA6A64A01}.Release|Any CPU.ActiveCfg = Release|Any CPU
		{F3D9AC1A-FCC4-43ED-B220-8E4FA6A64A01}.Release|Any CPU.Build.0 = Release|Any CPU
		{EA58986A-A528-416B-A577-389D32FF99EA}.Debug|Any CPU.ActiveCfg = Debug|Any CPU
		{EA58986A-A528-416B-A577-389D32FF99EA}.Debug|Any CPU.Build.0 = Debug|Any CPU
		{EA58986A-A528-416B-A577-389D32FF99EA}.Release|Any CPU.ActiveCfg = Release|Any CPU
		{EA58986A-A528-416B-A577-389D32FF99EA}.Release|Any CPU.Build.0 = Release|Any CPU
	EndGlobalSection
	GlobalSection(SolutionProperties) = preSolution
		HideSolutionNode = FALSE
	EndGlobalSection
	GlobalSection(NestedProjects) = preSolution
		{10802099-78DB-4B44-BF7C-D4485E241E2E} = {C8052841-724B-45F2-B894-81EE436A2E21}
		{F885C282-6221-499B-95B7-4B5EF08E69F2} = {8F1D9217-6178-4DC2-85A6-CB37C9CCAAA5}
		{2F367E35-8C84-4753-92F5-A93298FD7745} = {87863AA7-EEC9-47DF-B129-DDDACAE2C636}
		{88F7DDE9-ABA2-4817-9EC9-1ABBFB0F05A0} = {6F651203-479E-45FA-AC14-BE1EAD5BA047}
		{F3D9AC1A-FCC4-43ED-B220-8E4FA6A64A01} = {C8052841-724B-45F2-B894-81EE436A2E21}
		{EA58986A-A528-416B-A577-389D32FF99EA} = {8F1D9217-6178-4DC2-85A6-CB37C9CCAAA5}
	EndGlobalSection
	GlobalSection(ExtensibilityGlobals) = postSolution
		SolutionGuid = {87960B65-0FC5-4038-9484-0DEE45739627}
	EndGlobalSection
EndGlobal
